# THIS IS AN AUTOGENERATED FILE. DO NOT EDIT THIS FILE DIRECTLY.
# yarn lockfile v1


camelcase@^4.1.0:
  version "4.1.0"
  resolved "https://registry.npmmirror.com/camelcase/download/camelcase-4.1.0.tgz?cache=0&sync_timestamp=1636945198738&other_urls=https%3A%2F%2Fregistry.npmmirror.com%2Fcamelcase%2Fdownload%2Fcamelcase-4.1.0.tgz#d545635be1e33c542649c69173e5de6acfae34dd"
  integrity sha1-1UVjW+HjPFQmScaRc+Xeas+uNN0=

file-save@^0.2.0:
  version "0.2.0"
  resolved "https://registry.nlark.com/file-save/download/file-save-0.2.0.tgz#39b20d0214e656b1417faa3c32d317b678545db7"
  integrity sha1-ObINAhTmVrFBf6o8MtMXtnhUXbc=
  dependencies:
    mkdirp "~0.5.0"

minimist@^1.2.5:
  version "1.2.5"
  resolved "https://registry.npm.taobao.org/minimist/download/minimist-1.2.5.tgz#67d66014b66a6a8aaa0c083c5fd58df4e4e97602"
  integrity sha1-Z9ZgFLZqaoqqDAg8X9WN9OTpdgI=

mkdirp@~0.5.0:
  version "0.5.5"
  resolved "https://registry.npmmirror.com/mkdirp/download/mkdirp-0.5.5.tgz#d91cefd62d1436ca0f41620e251288d420099def"
  integrity sha1-2Rzv1i0UNsoPQWIOJRKI1CAJne8=
  dependencies:
    minimist "^1.2.5"

uppercamelcase@^3.0.0:
  version "3.0.0"
  resolved "https://registry.nlark.com/uppercamelcase/download/uppercamelcase-3.0.0.tgz#380b321b8d73cba16fec4d752a575152d1ef7317"
  integrity sha1-OAsyG41zy6Fv7E11KldRUtHvcxc=
  dependencies:
    camelcase "^4.1.0"
